
Microsoft Visual Studio Solution File, Format Version 12.00
# Visual Studio Version 17
VisualStudioVersion = 17.8.34525.116
MinimumVisualStudioVersion = 10.0.40219.1
Project("{9A19103F-16F7-4668-BE54-9A1E7A4F7556}") = "ScooterRental", "ScooterRental.csproj", "{99046F9D-9B35-4466-8390-3863264CB880}"
EndProject
Project("{9A19103F-16F7-4668-BE54-9A1E7A4F7556}") = "ScooterRentalTests", "..\TestProject1\ScooterRentalTests.csproj", "{858F6326-9C9C-47C3-86C7-6B162BB86D34}"
	ProjectSection(ProjectDependencies) = postProject
		{99046F9D-9B35-4466-8390-3863264CB880} = {99046F9D-9B35-4466-8390-3863264CB880}
	EndProjectSection
EndProject
Global
	GlobalSection(SolutionConfigurationPlatforms) = preSolution
		Debug|Any CPU = Debug|Any CPU
		Release|Any CPU = Release|Any CPU
	EndGlobalSection
	GlobalSection(ProjectConfigurationPlatforms) = postSolution
		{99046F9D-9B35-4466-8390-3863264CB880}.Debug|Any CPU.ActiveCfg = Debug|Any CPU
		{99046F9D-9B35-4466-8390-3863264CB880}.Debug|Any CPU.Build.0 = Debug|Any CPU
		{99046F9D-9B35-4466-8390-3863264CB880}.Release|Any CPU.ActiveCfg = Release|Any CPU
		{99046F9D-9B35-4466-8390-3863264CB880}.Release|Any CPU.Build.0 = Release|Any CPU
		{858F6326-9C9C-47C3-86C7-6B162BB86D34}.Debug|Any CPU.ActiveCfg = Debug|Any CPU
		{858F6326-9C9C-47C3-86C7-6B162BB86D34}.Debug|Any CPU.Build.0 = Debug|Any CPU
		{858F6326-9C9C-47C3-86C7-6B162BB86D34}.Release|Any CPU.ActiveCfg = Release|Any CPU
		{858F6326-9C9C-47C3-86C7-6B162BB86D34}.Release|Any CPU.Build.0 = Release|Any CPU
	EndGlobalSection
	GlobalSection(SolutionProperties) = preSolution
		HideSolutionNode = FALSE
	EndGlobalSection
	GlobalSection(ExtensibilityGlobals) = postSolution
		SolutionGuid = {4C1ABEE8-E4BD-4106-976D-CCE2864352A4}
	EndGlobalSection
EndGlobal
